// !$*UTF8*$!
{
	archiveVersion = 1;
	classes = {
	};
	objectVersion = 46;
	objects = {

/* Begin PBXBuildFile section */
		0C2E95531DAFD8F400C03669 /* FMStatisticsDetailViewController.swift in Sources */ = {isa = PBXBuildFile; fileRef = 0C2E95521DAFD8F400C03669 /* FMStatisticsDetailViewController.swift */; };
		0C2E95561DAFDA7D00C03669 /* FMMiddleAlignedLabelCell.swift in Sources */ = {isa = PBXBuildFile; fileRef = 0C2E95541DAFDA7D00C03669 /* FMMiddleAlignedLabelCell.swift */; };
		0C2E95571DAFDA7D00C03669 /* FMMiddleAlignedLabelCell.xib in Resources */ = {isa = PBXBuildFile; fileRef = 0C2E95551DAFDA7D00C03669 /* FMMiddleAlignedLabelCell.xib */; };
		0C2E955C1DAFE4C000C03669 /* FMStatsDetailCell.swift in Sources */ = {isa = PBXBuildFile; fileRef = 0C2E955A1DAFE4C000C03669 /* FMStatsDetailCell.swift */; };
		0C2E955D1DAFE4C000C03669 /* FMStatsDetailCell.xib in Resources */ = {isa = PBXBuildFile; fileRef = 0C2E955B1DAFE4C000C03669 /* FMStatsDetailCell.xib */; };
		0C3B1A371DA9992E009DB425 /* FMPixelBubbleTransition.swift in Sources */ = {isa = PBXBuildFile; fileRef = 0C3B1A361DA9992E009DB425 /* FMPixelBubbleTransition.swift */; };
		0C486F7B1D9FF95400EB021B /* FMSpriteStatusManager.swift in Sources */ = {isa = PBXBuildFile; fileRef = 0C486F7A1D9FF95400EB021B /* FMSpriteStatusManager.swift */; };
		0C51F74A1DB300D600A5231E /* FMLabelCell.swift in Sources */ = {isa = PBXBuildFile; fileRef = 0C51F7481DB300D600A5231E /* FMLabelCell.swift */; };
		0C51F74B1DB300D600A5231E /* FMLabelCell.xib in Resources */ = {isa = PBXBuildFile; fileRef = 0C51F7491DB300D600A5231E /* FMLabelCell.xib */; };
		0C60C1A11D9F3A5200F4F965 /* FMHomeViewController.swift in Sources */ = {isa = PBXBuildFile; fileRef = 0C60C1A01D9F3A5200F4F965 /* FMHomeViewController.swift */; };
		0C7551191DB3273F002146FE /* FMBattleViewController.swift in Sources */ = {isa = PBXBuildFile; fileRef = 0C7551181DB3273F002146FE /* FMBattleViewController.swift */; };
		0C75511B1DB32F0B002146FE /* FMSectionHeaderView.xib in Resources */ = {isa = PBXBuildFile; fileRef = 0C75511A1DB32F0B002146FE /* FMSectionHeaderView.xib */; };
		0C75511D1DB32F31002146FE /* FMSectionHeaderView.swift in Sources */ = {isa = PBXBuildFile; fileRef = 0C75511C1DB32F31002146FE /* FMSectionHeaderView.swift */; };
		0C75511F1DB38107002146FE /* FMSkill.swift in Sources */ = {isa = PBXBuildFile; fileRef = 0C75511E1DB38107002146FE /* FMSkill.swift */; };
		0C7551211DB3822C002146FE /* FMAction.swift in Sources */ = {isa = PBXBuildFile; fileRef = 0C7551201DB3822C002146FE /* FMAction.swift */; };
		0C7551231DB382D3002146FE /* FMAppearance.swift in Sources */ = {isa = PBXBuildFile; fileRef = 0C7551221DB382D3002146FE /* FMAppearance.swift */; };
		0C7551251DB3A7B5002146FE /* Fitconfig.plist in Resources */ = {isa = PBXBuildFile; fileRef = 0C7551241DB3A7B5002146FE /* Fitconfig.plist */; };
		0C7551271DB3AE35002146FE /* FMConfigurationParser.swift in Sources */ = {isa = PBXBuildFile; fileRef = 0C7551261DB3AE35002146FE /* FMConfigurationParser.swift */; };
		0C7551291DB3D05C002146FE /* FMLocalStorageManager.swift in Sources */ = {isa = PBXBuildFile; fileRef = 0C7551281DB3D05C002146FE /* FMLocalStorageManager.swift */; };
		0C75512B1DB3DC11002146FE /* FMNetworkManager.swift in Sources */ = {isa = PBXBuildFile; fileRef = 0C75512A1DB3DC11002146FE /* FMNetworkManager.swift */; };
		0C75512D1DB3DDE0002146FE /* FMAtomicCounter.swift in Sources */ = {isa = PBXBuildFile; fileRef = 0C75512C1DB3DDE0002146FE /* FMAtomicCounter.swift */; };
		0C75512F1DB4E5F9002146FE /* FMProgressView.swift in Sources */ = {isa = PBXBuildFile; fileRef = 0C75512E1DB4E5F9002146FE /* FMProgressView.swift */; };
		0C7551331DB4F503002146FE /* FMLoadingViewController.swift in Sources */ = {isa = PBXBuildFile; fileRef = 0C7551321DB4F503002146FE /* FMLoadingViewController.swift */; };
		0C7551351DB55C5C002146FE /* FMExerciseScene.sks in Resources */ = {isa = PBXBuildFile; fileRef = 0C7551341DB55C5C002146FE /* FMExerciseScene.sks */; };
		0C7551371DB55CA4002146FE /* FMExerciseScene.swift in Sources */ = {isa = PBXBuildFile; fileRef = 0C7551361DB55CA4002146FE /* FMExerciseScene.swift */; };
		0C7551391DB62D4C002146FE /* FMBoothViewController.swift in Sources */ = {isa = PBXBuildFile; fileRef = 0C7551381DB62D4C002146FE /* FMBoothViewController.swift */; };
		0C75513B1DB6B27E002146FE /* Pokemon.ttf in Resources */ = {isa = PBXBuildFile; fileRef = 0C75513A1DB6B0F1002146FE /* Pokemon.ttf */; };
		0C81DC201DA26DEE00E8856E /* Constants.swift in Sources */ = {isa = PBXBuildFile; fileRef = 0C81DC1F1DA26DEE00E8856E /* Constants.swift */; };
		0CB855A41DAC158100B3DA69 /* FMExerciseRecord.swift in Sources */ = {isa = PBXBuildFile; fileRef = 0CB855A31DAC158100B3DA69 /* FMExerciseRecord.swift */; };
		0CBA9DDA1DB0081B002D3911 /* FMOnboardManager.swift in Sources */ = {isa = PBXBuildFile; fileRef = 0CBA9DD91DB0081B002D3911 /* FMOnboardManager.swift */; };
		0CBAE30F1DB6CEA500603D2E /* FMBoothItemCell.swift in Sources */ = {isa = PBXBuildFile; fileRef = 0CBAE30D1DB6CEA500603D2E /* FMBoothItemCell.swift */; };
		0CBAE3101DB6CEA500603D2E /* FMBoothItemCell.xib in Resources */ = {isa = PBXBuildFile; fileRef = 0CBAE30E1DB6CEA500603D2E /* FMBoothItemCell.xib */; };
		0CD2BA7B1DB0B54E00145AB2 /* FMExercisePopupViewController.swift in Sources */ = {isa = PBXBuildFile; fileRef = 0CD2BA7A1DB0B54E00145AB2 /* FMExercisePopupViewController.swift */; };
		0CD3CCEA1D9EF0FB00E47BF8 /* AppDelegate.swift in Sources */ = {isa = PBXBuildFile; fileRef = 0CD3CCE91D9EF0FB00E47BF8 /* AppDelegate.swift */; };
		0CD3CCEF1D9EF0FB00E47BF8 /* Main.storyboard in Resources */ = {isa = PBXBuildFile; fileRef = 0CD3CCED1D9EF0FB00E47BF8 /* Main.storyboard */; };
		0CD3CCF11D9EF0FB00E47BF8 /* Assets.xcassets in Resources */ = {isa = PBXBuildFile; fileRef = 0CD3CCF01D9EF0FB00E47BF8 /* Assets.xcassets */; };
		0CD3CCF41D9EF0FB00E47BF8 /* LaunchScreen.storyboard in Resources */ = {isa = PBXBuildFile; fileRef = 0CD3CCF21D9EF0FB00E47BF8 /* LaunchScreen.storyboard */; };
		0CD3CCFF1D9EF0FB00E47BF8 /* FitMiTests.swift in Sources */ = {isa = PBXBuildFile; fileRef = 0CD3CCFE1D9EF0FB00E47BF8 /* FitMiTests.swift */; };
		0CD3CD0A1D9EF0FB00E47BF8 /* FitMiUITests.swift in Sources */ = {isa = PBXBuildFile; fileRef = 0CD3CD091D9EF0FB00E47BF8 /* FitMiUITests.swift */; };
		0CD3CD5F1D9EF7DD00E47BF8 /* FMViewController.swift in Sources */ = {isa = PBXBuildFile; fileRef = 0CD3CD5E1D9EF7DD00E47BF8 /* FMViewController.swift */; };
		0CD3CD611D9EF80D00E47BF8 /* FMRootViewController.swift in Sources */ = {isa = PBXBuildFile; fileRef = 0CD3CD601D9EF80D00E47BF8 /* FMRootViewController.swift */; };
		0CD3CD671D9EF86900E47BF8 /* FMMainScene.sks in Resources */ = {isa = PBXBuildFile; fileRef = 0CD3CD641D9EF86900E47BF8 /* FMMainScene.sks */; };
		0CD3CD681D9EF86900E47BF8 /* FMMainScene.swift in Sources */ = {isa = PBXBuildFile; fileRef = 0CD3CD651D9EF86900E47BF8 /* FMMainScene.swift */; };
		0CD3CD6A1D9EF9CD00E47BF8 /* FMDatabaseManager.swift in Sources */ = {isa = PBXBuildFile; fileRef = 0CD3CD691D9EF9CD00E47BF8 /* FMDatabaseManager.swift */; };
		0CD3CD731D9F088200E47BF8 /* FMMenuViewController.swift in Sources */ = {isa = PBXBuildFile; fileRef = 0CD3CD721D9F088200E47BF8 /* FMMenuViewController.swift */; };
		0CD3CD751D9F144600E47BF8 /* FMExerciseViewController.swift in Sources */ = {isa = PBXBuildFile; fileRef = 0CD3CD741D9F144600E47BF8 /* FMExerciseViewController.swift */; };
		0CE74F5B1D9FAE6500CAB9CE /* FMStatisticsViewController.swift in Sources */ = {isa = PBXBuildFile; fileRef = 0CE74F5A1D9FAE6500CAB9CE /* FMStatisticsViewController.swift */; };
		0CE74F5D1D9FAFA000CAB9CE /* FMAccountViewController.swift in Sources */ = {isa = PBXBuildFile; fileRef = 0CE74F5C1D9FAFA000CAB9CE /* FMAccountViewController.swift */; };
		0CE74F601D9FB1D800CAB9CE /* FMSprite.swift in Sources */ = {isa = PBXBuildFile; fileRef = 0CE74F5F1D9FB1D800CAB9CE /* FMSprite.swift */; };
		0CE74F621D9FB21F00CAB9CE /* UIKitExtention.swift in Sources */ = {isa = PBXBuildFile; fileRef = 0CE74F611D9FB21F00CAB9CE /* UIKitExtention.swift */; };
		0CE74F641D9FB5DD00CAB9CE /* FMHealthStatusManager.swift in Sources */ = {isa = PBXBuildFile; fileRef = 0CE74F631D9FB5DD00CAB9CE /* FMHealthStatusManager.swift */; };
		0CE74F671D9FB73900CAB9CE /* HealthKit.framework in Frameworks */ = {isa = PBXBuildFile; fileRef = 0CE74F661D9FB73900CAB9CE /* HealthKit.framework */; };
		0CFC8B791DA8227D0084DD6F /* FMChartTableViewCell.swift in Sources */ = {isa = PBXBuildFile; fileRef = 0CFC8B771DA8227D0084DD6F /* FMChartTableViewCell.swift */; };
		0CFC8B7A1DA8227D0084DD6F /* FMChartTableViewCell.xib in Resources */ = {isa = PBXBuildFile; fileRef = 0CFC8B781DA8227D0084DD6F /* FMChartTableViewCell.xib */; };
		0CFC8B7C1DA9040E0084DD6F /* FMSpriteState.swift in Sources */ = {isa = PBXBuildFile; fileRef = 0CFC8B7B1DA9040E0084DD6F /* FMSpriteState.swift */; };
		0CFC8B7E1DA9199B0084DD6F /* FoundationExtension.swift in Sources */ = {isa = PBXBuildFile; fileRef = 0CFC8B7D1DA9199B0084DD6F /* FoundationExtension.swift */; };
		0CFC8B801DA96BCE0084DD6F /* FMSpriteLevelManager.swift in Sources */ = {isa = PBXBuildFile; fileRef = 0CFC8B7F1DA96BCE0084DD6F /* FMSpriteLevelManager.swift */; };
		0CFC8B831DA97FC40084DD6F /* Pixeled.ttf in Resources */ = {isa = PBXBuildFile; fileRef = 0CFC8B821DA97FC40084DD6F /* Pixeled.ttf */; };
		2920B9E4DAC562EBC3158791 /* Pods_FitMiTests.framework in Frameworks */ = {isa = PBXBuildFile; fileRef = C11AA3465EDD7D5D726B41D9 /* Pods_FitMiTests.framework */; };
		9352E1711DB0B36D00227C89 /* sprite-sleep.atlas in Resources */ = {isa = PBXBuildFile; fileRef = 9352E1701DB0B36D00227C89 /* sprite-sleep.atlas */; };
		9352E1731DB0B37700227C89 /* sprite-wake.atlas in Resources */ = {isa = PBXBuildFile; fileRef = 9352E1721DB0B37700227C89 /* sprite-wake.atlas */; };
		9352E1751DB0B88E00227C89 /* sprite-tired.atlas in Resources */ = {isa = PBXBuildFile; fileRef = 9352E1741DB0B88E00227C89 /* sprite-tired.atlas */; };
		93A46F681DB8DD3600B4D77C /* sleep.mp3 in Resources */ = {isa = PBXBuildFile; fileRef = 93A46F671DB8DD3600B4D77C /* sleep.mp3 */; };
		93A46F6C1DB8DDA100B4D77C /* shocked.mp3 in Resources */ = {isa = PBXBuildFile; fileRef = 93A46F691DB8DDA100B4D77C /* shocked.mp3 */; };
		93A46F6D1DB8DDA100B4D77C /* sweat.mp3 in Resources */ = {isa = PBXBuildFile; fileRef = 93A46F6A1DB8DDA100B4D77C /* sweat.mp3 */; };
		93A46F6E1DB8DDA100B4D77C /* touch.mp3 in Resources */ = {isa = PBXBuildFile; fileRef = 93A46F6B1DB8DDA100B4D77C /* touch.mp3 */; };
		93A5D3721DAF87D200439264 /* background-01.atlas in Resources */ = {isa = PBXBuildFile; fileRef = 93A5D36E1DAF82DF00439264 /* background-01.atlas */; };
		93B2234F1DAD2CFC0067F43A /* sprite-relax.atlas in Resources */ = {isa = PBXBuildFile; fileRef = 93B2234E1DAD2CFC0067F43A /* sprite-relax.atlas */; };
		93B223511DAD2D7C0067F43A /* sprite-run.atlas in Resources */ = {isa = PBXBuildFile; fileRef = 93B223501DAD2D7C0067F43A /* sprite-run.atlas */; };
		93B2236F1DAD50990067F43A /* sprite-touch.atlas in Resources */ = {isa = PBXBuildFile; fileRef = 93B2236E1DAD50990067F43A /* sprite-touch.atlas */; };
		93B34DFA1DB409D7005D530E /* defend.atlas in Resources */ = {isa = PBXBuildFile; fileRef = 93B34DF71DB409D7005D530E /* defend.atlas */; };
		93B34DFB1DB409D7005D530E /* skill-1.atlas in Resources */ = {isa = PBXBuildFile; fileRef = 93B34DF81DB409D7005D530E /* skill-1.atlas */; };
		93B34DFC1DB409D7005D530E /* skill-2.atlas in Resources */ = {isa = PBXBuildFile; fileRef = 93B34DF91DB409D7005D530E /* skill-2.atlas */; };
		9861CEF71DB0116400D659E4 /* FMWorkoutHistoryViewController.swift in Sources */ = {isa = PBXBuildFile; fileRef = 9861CEF61DB0116400D659E4 /* FMWorkoutHistoryViewController.swift */; };
		9861CEFB1DB0221900D659E4 /* FMWorkoutHistoryCell.swift in Sources */ = {isa = PBXBuildFile; fileRef = 9861CEF91DB0221900D659E4 /* FMWorkoutHistoryCell.swift */; };
		9861CEFC1DB0221900D659E4 /* FMWorkoutHistoryCell.xib in Resources */ = {isa = PBXBuildFile; fileRef = 9861CEFA1DB0221900D659E4 /* FMWorkoutHistoryCell.xib */; };
		98BE8B551DABF62100B9CBBA /* FMMotionStatusManager.swift in Sources */ = {isa = PBXBuildFile; fileRef = 98BE8B541DABF62100B9CBBA /* FMMotionStatusManager.swift */; };
		98F1A92B1DAFD6560025FC1B /* FMOnboardViewController.swift in Sources */ = {isa = PBXBuildFile; fileRef = 98F1A92A1DAFD6560025FC1B /* FMOnboardViewController.swift */; };
		98F1A92D1DAFE15B0025FC1B /* VT323.ttf in Resources */ = {isa = PBXBuildFile; fileRef = 98F1A92C1DAFE1420025FC1B /* VT323.ttf */; };
		A8316A084B18A3CCD42D14AC /* Pods_FitMiUITests.framework in Frameworks */ = {isa = PBXBuildFile; fileRef = 49ECDB7950536443F71A2AF9 /* Pods_FitMiUITests.framework */; };
		C94F900343CF501CF0F63CDD /* Pods_FitMi.framework in Frameworks */ = {isa = PBXBuildFile; fileRef = 1C2529E0186F433C773AE43B /* Pods_FitMi.framework */; };
/* End PBXBuildFile section */

/* Begin PBXContainerItemProxy section */
		0CD3CCFB1D9EF0FB00E47BF8 /* PBXContainerItemProxy */ = {
			isa = PBXContainerItemProxy;
			containerPortal = 0CD3CCDE1D9EF0FA00E47BF8 /* Project object */;
			proxyType = 1;
			remoteGlobalIDString = 0CD3CCE51D9EF0FA00E47BF8;
			remoteInfo = FitMi;
		};
		0CD3CD061D9EF0FB00E47BF8 /* PBXContainerItemProxy */ = {
			isa = PBXContainerItemProxy;
			containerPortal = 0CD3CCDE1D9EF0FA00E47BF8 /* Project object */;
			proxyType = 1;
			remoteGlobalIDString = 0CD3CCE51D9EF0FA00E47BF8;
			remoteInfo = FitMi;
		};
/* End PBXContainerItemProxy section */

/* Begin PBXFileReference section */
		0C2E95521DAFD8F400C03669 /* FMStatisticsDetailViewController.swift */ = {isa = PBXFileReference; fileEncoding = 4; lastKnownFileType = sourcecode.swift; path = FMStatisticsDetailViewController.swift; sourceTree = "<group>"; };
		0C2E95541DAFDA7D00C03669 /* FMMiddleAlignedLabelCell.swift */ = {isa = PBXFileReference; fileEncoding = 4; lastKnownFileType = sourcecode.swift; path = FMMiddleAlignedLabelCell.swift; sourceTree = "<group>"; };
		0C2E95551DAFDA7D00C03669 /* FMMiddleAlignedLabelCell.xib */ = {isa = PBXFileReference; fileEncoding = 4; lastKnownFileType = file.xib; path = FMMiddleAlignedLabelCell.xib; sourceTree = "<group>"; };
		0C2E955A1DAFE4C000C03669 /* FMStatsDetailCell.swift */ = {isa = PBXFileReference; fileEncoding = 4; lastKnownFileType = sourcecode.swift; path = FMStatsDetailCell.swift; sourceTree = "<group>"; };
		0C2E955B1DAFE4C000C03669 /* FMStatsDetailCell.xib */ = {isa = PBXFileReference; fileEncoding = 4; lastKnownFileType = file.xib; path = FMStatsDetailCell.xib; sourceTree = "<group>"; };
		0C3B1A361DA9992E009DB425 /* FMPixelBubbleTransition.swift */ = {isa = PBXFileReference; fileEncoding = 4; lastKnownFileType = sourcecode.swift; path = FMPixelBubbleTransition.swift; sourceTree = "<group>"; };
		0C486F7A1D9FF95400EB021B /* FMSpriteStatusManager.swift */ = {isa = PBXFileReference; fileEncoding = 4; lastKnownFileType = sourcecode.swift; path = FMSpriteStatusManager.swift; sourceTree = "<group>"; };
		0C51F7481DB300D600A5231E /* FMLabelCell.swift */ = {isa = PBXFileReference; fileEncoding = 4; lastKnownFileType = sourcecode.swift; path = FMLabelCell.swift; sourceTree = "<group>"; };
		0C51F7491DB300D600A5231E /* FMLabelCell.xib */ = {isa = PBXFileReference; fileEncoding = 4; lastKnownFileType = file.xib; path = FMLabelCell.xib; sourceTree = "<group>"; };
		0C60C1A01D9F3A5200F4F965 /* FMHomeViewController.swift */ = {isa = PBXFileReference; fileEncoding = 4; lastKnownFileType = sourcecode.swift; path = FMHomeViewController.swift; sourceTree = "<group>"; };
		0C7551181DB3273F002146FE /* FMBattleViewController.swift */ = {isa = PBXFileReference; fileEncoding = 4; lastKnownFileType = sourcecode.swift; path = FMBattleViewController.swift; sourceTree = "<group>"; };
		0C75511A1DB32F0B002146FE /* FMSectionHeaderView.xib */ = {isa = PBXFileReference; fileEncoding = 4; lastKnownFileType = file.xib; path = FMSectionHeaderView.xib; sourceTree = "<group>"; };
		0C75511C1DB32F31002146FE /* FMSectionHeaderView.swift */ = {isa = PBXFileReference; fileEncoding = 4; lastKnownFileType = sourcecode.swift; path = FMSectionHeaderView.swift; sourceTree = "<group>"; };
		0C75511E1DB38107002146FE /* FMSkill.swift */ = {isa = PBXFileReference; fileEncoding = 4; lastKnownFileType = sourcecode.swift; path = FMSkill.swift; sourceTree = "<group>"; };
		0C7551201DB3822C002146FE /* FMAction.swift */ = {isa = PBXFileReference; fileEncoding = 4; lastKnownFileType = sourcecode.swift; path = FMAction.swift; sourceTree = "<group>"; };
		0C7551221DB382D3002146FE /* FMAppearance.swift */ = {isa = PBXFileReference; fileEncoding = 4; lastKnownFileType = sourcecode.swift; path = FMAppearance.swift; sourceTree = "<group>"; };
		0C7551241DB3A7B5002146FE /* Fitconfig.plist */ = {isa = PBXFileReference; fileEncoding = 4; lastKnownFileType = text.plist.xml; path = Fitconfig.plist; sourceTree = "<group>"; };
		0C7551261DB3AE35002146FE /* FMConfigurationParser.swift */ = {isa = PBXFileReference; fileEncoding = 4; lastKnownFileType = sourcecode.swift; path = FMConfigurationParser.swift; sourceTree = "<group>"; };
		0C7551281DB3D05C002146FE /* FMLocalStorageManager.swift */ = {isa = PBXFileReference; fileEncoding = 4; lastKnownFileType = sourcecode.swift; path = FMLocalStorageManager.swift; sourceTree = "<group>"; };
		0C75512A1DB3DC11002146FE /* FMNetworkManager.swift */ = {isa = PBXFileReference; fileEncoding = 4; lastKnownFileType = sourcecode.swift; path = FMNetworkManager.swift; sourceTree = "<group>"; };
		0C75512C1DB3DDE0002146FE /* FMAtomicCounter.swift */ = {isa = PBXFileReference; fileEncoding = 4; lastKnownFileType = sourcecode.swift; path = FMAtomicCounter.swift; sourceTree = "<group>"; };
		0C75512E1DB4E5F9002146FE /* FMProgressView.swift */ = {isa = PBXFileReference; fileEncoding = 4; lastKnownFileType = sourcecode.swift; path = FMProgressView.swift; sourceTree = "<group>"; };
		0C7551321DB4F503002146FE /* FMLoadingViewController.swift */ = {isa = PBXFileReference; fileEncoding = 4; lastKnownFileType = sourcecode.swift; path = FMLoadingViewController.swift; sourceTree = "<group>"; };
		0C7551341DB55C5C002146FE /* FMExerciseScene.sks */ = {isa = PBXFileReference; lastKnownFileType = file.sks; path = FMExerciseScene.sks; sourceTree = "<group>"; };
		0C7551361DB55CA4002146FE /* FMExerciseScene.swift */ = {isa = PBXFileReference; fileEncoding = 4; lastKnownFileType = sourcecode.swift; path = FMExerciseScene.swift; sourceTree = "<group>"; };
		0C7551381DB62D4C002146FE /* FMBoothViewController.swift */ = {isa = PBXFileReference; fileEncoding = 4; lastKnownFileType = sourcecode.swift; path = FMBoothViewController.swift; sourceTree = "<group>"; };
		0C75513A1DB6B0F1002146FE /* Pokemon.ttf */ = {isa = PBXFileReference; lastKnownFileType = file; path = Pokemon.ttf; sourceTree = "<group>"; };
		0C81DC1F1DA26DEE00E8856E /* Constants.swift */ = {isa = PBXFileReference; fileEncoding = 4; lastKnownFileType = sourcecode.swift; path = Constants.swift; sourceTree = "<group>"; };
		0CB855A31DAC158100B3DA69 /* FMExerciseRecord.swift */ = {isa = PBXFileReference; fileEncoding = 4; lastKnownFileType = sourcecode.swift; path = FMExerciseRecord.swift; sourceTree = "<group>"; };
		0CBA9DD91DB0081B002D3911 /* FMOnboardManager.swift */ = {isa = PBXFileReference; fileEncoding = 4; lastKnownFileType = sourcecode.swift; path = FMOnboardManager.swift; sourceTree = "<group>"; };
		0CBAE30D1DB6CEA500603D2E /* FMBoothItemCell.swift */ = {isa = PBXFileReference; fileEncoding = 4; lastKnownFileType = sourcecode.swift; path = FMBoothItemCell.swift; sourceTree = "<group>"; };
		0CBAE30E1DB6CEA500603D2E /* FMBoothItemCell.xib */ = {isa = PBXFileReference; fileEncoding = 4; lastKnownFileType = file.xib; path = FMBoothItemCell.xib; sourceTree = "<group>"; };
		0CD2BA7A1DB0B54E00145AB2 /* FMExercisePopupViewController.swift */ = {isa = PBXFileReference; fileEncoding = 4; lastKnownFileType = sourcecode.swift; path = FMExercisePopupViewController.swift; sourceTree = "<group>"; };
		0CD3CCE61D9EF0FB00E47BF8 /* FitMi.app */ = {isa = PBXFileReference; explicitFileType = wrapper.application; includeInIndex = 0; path = FitMi.app; sourceTree = BUILT_PRODUCTS_DIR; };
		0CD3CCE91D9EF0FB00E47BF8 /* AppDelegate.swift */ = {isa = PBXFileReference; lastKnownFileType = sourcecode.swift; path = AppDelegate.swift; sourceTree = "<group>"; };
		0CD3CCEE1D9EF0FB00E47BF8 /* Base */ = {isa = PBXFileReference; lastKnownFileType = file.storyboard; name = Base; path = Base.lproj/Main.storyboard; sourceTree = "<group>"; };
		0CD3CCF01D9EF0FB00E47BF8 /* Assets.xcassets */ = {isa = PBXFileReference; lastKnownFileType = folder.assetcatalog; path = Assets.xcassets; sourceTree = "<group>"; };
		0CD3CCF31D9EF0FB00E47BF8 /* Base */ = {isa = PBXFileReference; lastKnownFileType = file.storyboard; name = Base; path = Base.lproj/LaunchScreen.storyboard; sourceTree = "<group>"; };
		0CD3CCF51D9EF0FB00E47BF8 /* Info.plist */ = {isa = PBXFileReference; lastKnownFileType = text.plist.xml; path = Info.plist; sourceTree = "<group>"; };
		0CD3CCFA1D9EF0FB00E47BF8 /* FitMiTests.xctest */ = {isa = PBXFileReference; explicitFileType = wrapper.cfbundle; includeInIndex = 0; path = FitMiTests.xctest; sourceTree = BUILT_PRODUCTS_DIR; };
		0CD3CCFE1D9EF0FB00E47BF8 /* FitMiTests.swift */ = {isa = PBXFileReference; lastKnownFileType = sourcecode.swift; path = FitMiTests.swift; sourceTree = "<group>"; };
		0CD3CD001D9EF0FB00E47BF8 /* Info.plist */ = {isa = PBXFileReference; lastKnownFileType = text.plist.xml; path = Info.plist; sourceTree = "<group>"; };
		0CD3CD051D9EF0FB00E47BF8 /* FitMiUITests.xctest */ = {isa = PBXFileReference; explicitFileType = wrapper.cfbundle; includeInIndex = 0; path = FitMiUITests.xctest; sourceTree = BUILT_PRODUCTS_DIR; };
		0CD3CD091D9EF0FB00E47BF8 /* FitMiUITests.swift */ = {isa = PBXFileReference; lastKnownFileType = sourcecode.swift; path = FitMiUITests.swift; sourceTree = "<group>"; };
		0CD3CD0B1D9EF0FB00E47BF8 /* Info.plist */ = {isa = PBXFileReference; lastKnownFileType = text.plist.xml; path = Info.plist; sourceTree = "<group>"; };
		0CD3CD571D9EF6D900E47BF8 /* FitMi-Bridging-Header.h */ = {isa = PBXFileReference; lastKnownFileType = sourcecode.c.h; path = "FitMi-Bridging-Header.h"; sourceTree = "<group>"; };
		0CD3CD5E1D9EF7DD00E47BF8 /* FMViewController.swift */ = {isa = PBXFileReference; fileEncoding = 4; lastKnownFileType = sourcecode.swift; path = FMViewController.swift; sourceTree = "<group>"; };
		0CD3CD601D9EF80D00E47BF8 /* FMRootViewController.swift */ = {isa = PBXFileReference; fileEncoding = 4; lastKnownFileType = sourcecode.swift; path = FMRootViewController.swift; sourceTree = "<group>"; };
		0CD3CD641D9EF86900E47BF8 /* FMMainScene.sks */ = {isa = PBXFileReference; lastKnownFileType = file.sks; path = FMMainScene.sks; sourceTree = "<group>"; };
		0CD3CD651D9EF86900E47BF8 /* FMMainScene.swift */ = {isa = PBXFileReference; fileEncoding = 4; lastKnownFileType = sourcecode.swift; path = FMMainScene.swift; sourceTree = "<group>"; };
		0CD3CD691D9EF9CD00E47BF8 /* FMDatabaseManager.swift */ = {isa = PBXFileReference; fileEncoding = 4; lastKnownFileType = sourcecode.swift; path = FMDatabaseManager.swift; sourceTree = "<group>"; };
		0CD3CD721D9F088200E47BF8 /* FMMenuViewController.swift */ = {isa = PBXFileReference; fileEncoding = 4; lastKnownFileType = sourcecode.swift; path = FMMenuViewController.swift; sourceTree = "<group>"; };
		0CD3CD741D9F144600E47BF8 /* FMExerciseViewController.swift */ = {isa = PBXFileReference; fileEncoding = 4; lastKnownFileType = sourcecode.swift; path = FMExerciseViewController.swift; sourceTree = "<group>"; };
		0CE74F5A1D9FAE6500CAB9CE /* FMStatisticsViewController.swift */ = {isa = PBXFileReference; fileEncoding = 4; lastKnownFileType = sourcecode.swift; path = FMStatisticsViewController.swift; sourceTree = "<group>"; };
		0CE74F5C1D9FAFA000CAB9CE /* FMAccountViewController.swift */ = {isa = PBXFileReference; fileEncoding = 4; lastKnownFileType = sourcecode.swift; path = FMAccountViewController.swift; sourceTree = "<group>"; };
		0CE74F5F1D9FB1D800CAB9CE /* FMSprite.swift */ = {isa = PBXFileReference; fileEncoding = 4; lastKnownFileType = sourcecode.swift; path = FMSprite.swift; sourceTree = "<group>"; };
		0CE74F611D9FB21F00CAB9CE /* UIKitExtention.swift */ = {isa = PBXFileReference; fileEncoding = 4; lastKnownFileType = sourcecode.swift; path = UIKitExtention.swift; sourceTree = "<group>"; };
		0CE74F631D9FB5DD00CAB9CE /* FMHealthStatusManager.swift */ = {isa = PBXFileReference; fileEncoding = 4; lastKnownFileType = sourcecode.swift; path = FMHealthStatusManager.swift; sourceTree = "<group>"; };
		0CE74F651D9FB73900CAB9CE /* FitMi.entitlements */ = {isa = PBXFileReference; lastKnownFileType = text.plist.entitlements; path = FitMi.entitlements; sourceTree = "<group>"; };
		0CE74F661D9FB73900CAB9CE /* HealthKit.framework */ = {isa = PBXFileReference; lastKnownFileType = wrapper.framework; name = HealthKit.framework; path = System/Library/Frameworks/HealthKit.framework; sourceTree = SDKROOT; };
		0CFC8B771DA8227D0084DD6F /* FMChartTableViewCell.swift */ = {isa = PBXFileReference; fileEncoding = 4; lastKnownFileType = sourcecode.swift; path = FMChartTableViewCell.swift; sourceTree = "<group>"; };
		0CFC8B781DA8227D0084DD6F /* FMChartTableViewCell.xib */ = {isa = PBXFileReference; fileEncoding = 4; lastKnownFileType = file.xib; path = FMChartTableViewCell.xib; sourceTree = "<group>"; };
		0CFC8B7B1DA9040E0084DD6F /* FMSpriteState.swift */ = {isa = PBXFileReference; fileEncoding = 4; lastKnownFileType = sourcecode.swift; path = FMSpriteState.swift; sourceTree = "<group>"; };
		0CFC8B7D1DA9199B0084DD6F /* FoundationExtension.swift */ = {isa = PBXFileReference; fileEncoding = 4; lastKnownFileType = sourcecode.swift; path = FoundationExtension.swift; sourceTree = "<group>"; };
		0CFC8B7F1DA96BCE0084DD6F /* FMSpriteLevelManager.swift */ = {isa = PBXFileReference; fileEncoding = 4; lastKnownFileType = sourcecode.swift; path = FMSpriteLevelManager.swift; sourceTree = "<group>"; };
		0CFC8B821DA97FC40084DD6F /* Pixeled.ttf */ = {isa = PBXFileReference; lastKnownFileType = file; path = Pixeled.ttf; sourceTree = "<group>"; };
		1C2529E0186F433C773AE43B /* Pods_FitMi.framework */ = {isa = PBXFileReference; explicitFileType = wrapper.framework; includeInIndex = 0; path = Pods_FitMi.framework; sourceTree = BUILT_PRODUCTS_DIR; };
		49ECDB7950536443F71A2AF9 /* Pods_FitMiUITests.framework */ = {isa = PBXFileReference; explicitFileType = wrapper.framework; includeInIndex = 0; path = Pods_FitMiUITests.framework; sourceTree = BUILT_PRODUCTS_DIR; };
		669192A5417414353ED5801E /* Pods-FitMiUITests.debug.xcconfig */ = {isa = PBXFileReference; includeInIndex = 1; lastKnownFileType = text.xcconfig; name = "Pods-FitMiUITests.debug.xcconfig"; path = "Pods/Target Support Files/Pods-FitMiUITests/Pods-FitMiUITests.debug.xcconfig"; sourceTree = "<group>"; };
		719234BDB38DF8BD5F1890BB /* Pods-FitMi.release.xcconfig */ = {isa = PBXFileReference; includeInIndex = 1; lastKnownFileType = text.xcconfig; name = "Pods-FitMi.release.xcconfig"; path = "Pods/Target Support Files/Pods-FitMi/Pods-FitMi.release.xcconfig"; sourceTree = "<group>"; };
		9352E1701DB0B36D00227C89 /* sprite-sleep.atlas */ = {isa = PBXFileReference; lastKnownFileType = folder.skatlas; path = "sprite-sleep.atlas"; sourceTree = "<group>"; };
		9352E1721DB0B37700227C89 /* sprite-wake.atlas */ = {isa = PBXFileReference; lastKnownFileType = folder.skatlas; path = "sprite-wake.atlas"; sourceTree = "<group>"; };
		9352E1741DB0B88E00227C89 /* sprite-tired.atlas */ = {isa = PBXFileReference; lastKnownFileType = folder.skatlas; path = "sprite-tired.atlas"; sourceTree = "<group>"; };
		93A46F671DB8DD3600B4D77C /* sleep.mp3 */ = {isa = PBXFileReference; lastKnownFileType = audio.mp3; path = sleep.mp3; sourceTree = "<group>"; };
		93A46F691DB8DDA100B4D77C /* shocked.mp3 */ = {isa = PBXFileReference; lastKnownFileType = audio.mp3; path = shocked.mp3; sourceTree = "<group>"; };
		93A46F6A1DB8DDA100B4D77C /* sweat.mp3 */ = {isa = PBXFileReference; lastKnownFileType = audio.mp3; path = sweat.mp3; sourceTree = "<group>"; };
		93A46F6B1DB8DDA100B4D77C /* touch.mp3 */ = {isa = PBXFileReference; lastKnownFileType = audio.mp3; path = touch.mp3; sourceTree = "<group>"; };
		93A5D36E1DAF82DF00439264 /* background-01.atlas */ = {isa = PBXFileReference; lastKnownFileType = folder.skatlas; path = "background-01.atlas"; sourceTree = "<group>"; };
		93B2234E1DAD2CFC0067F43A /* sprite-relax.atlas */ = {isa = PBXFileReference; lastKnownFileType = folder.skatlas; path = "sprite-relax.atlas"; sourceTree = "<group>"; };
		93B223501DAD2D7C0067F43A /* sprite-run.atlas */ = {isa = PBXFileReference; lastKnownFileType = folder.skatlas; path = "sprite-run.atlas"; sourceTree = "<group>"; };
		93B2236E1DAD50990067F43A /* sprite-touch.atlas */ = {isa = PBXFileReference; lastKnownFileType = folder.skatlas; path = "sprite-touch.atlas"; sourceTree = "<group>"; };
		93B34DF71DB409D7005D530E /* defend.atlas */ = {isa = PBXFileReference; lastKnownFileType = folder.skatlas; path = defend.atlas; sourceTree = "<group>"; };
		93B34DF81DB409D7005D530E /* skill-1.atlas */ = {isa = PBXFileReference; lastKnownFileType = folder.skatlas; path = "skill-1.atlas"; sourceTree = "<group>"; };
		93B34DF91DB409D7005D530E /* skill-2.atlas */ = {isa = PBXFileReference; lastKnownFileType = folder.skatlas; path = "skill-2.atlas"; sourceTree = "<group>"; };
		9861CEF61DB0116400D659E4 /* FMWorkoutHistoryViewController.swift */ = {isa = PBXFileReference; fileEncoding = 4; lastKnownFileType = sourcecode.swift; path = FMWorkoutHistoryViewController.swift; sourceTree = "<group>"; };
		9861CEF91DB0221900D659E4 /* FMWorkoutHistoryCell.swift */ = {isa = PBXFileReference; fileEncoding = 4; lastKnownFileType = sourcecode.swift; path = FMWorkoutHistoryCell.swift; sourceTree = "<group>"; };
		9861CEFA1DB0221900D659E4 /* FMWorkoutHistoryCell.xib */ = {isa = PBXFileReference; fileEncoding = 4; lastKnownFileType = file.xib; path = FMWorkoutHistoryCell.xib; sourceTree = "<group>"; };
		98BE8B541DABF62100B9CBBA /* FMMotionStatusManager.swift */ = {isa = PBXFileReference; fileEncoding = 4; lastKnownFileType = sourcecode.swift; path = FMMotionStatusManager.swift; sourceTree = "<group>"; };
		98F1A92A1DAFD6560025FC1B /* FMOnboardViewController.swift */ = {isa = PBXFileReference; fileEncoding = 4; lastKnownFileType = sourcecode.swift; path = FMOnboardViewController.swift; sourceTree = "<group>"; };
		98F1A92C1DAFE1420025FC1B /* VT323.ttf */ = {isa = PBXFileReference; lastKnownFileType = file; path = VT323.ttf; sourceTree = "<group>"; };
		9B6B86172301C312C9C0109C /* Pods-FitMiTests.debug.xcconfig */ = {isa = PBXFileReference; includeInIndex = 1; lastKnownFileType = text.xcconfig; name = "Pods-FitMiTests.debug.xcconfig"; path = "Pods/Target Support Files/Pods-FitMiTests/Pods-FitMiTests.debug.xcconfig"; sourceTree = "<group>"; };
		9F0044B78ED30D1E7AFFAC62 /* Pods-FitMi.debug.xcconfig */ = {isa = PBXFileReference; includeInIndex = 1; lastKnownFileType = text.xcconfig; name = "Pods-FitMi.debug.xcconfig"; path = "Pods/Target Support Files/Pods-FitMi/Pods-FitMi.debug.xcconfig"; sourceTree = "<group>"; };
		B69245928FE816CEC2A45635 /* Pods-FitMiTests.release.xcconfig */ = {isa = PBXFileReference; includeInIndex = 1; lastKnownFileType = text.xcconfig; name = "Pods-FitMiTests.release.xcconfig"; path = "Pods/Target Support Files/Pods-FitMiTests/Pods-FitMiTests.release.xcconfig"; sourceTree = "<group>"; };
		C11AA3465EDD7D5D726B41D9 /* Pods_FitMiTests.framework */ = {isa = PBXFileReference; explicitFileType = wrapper.framework; includeInIndex = 0; path = Pods_FitMiTests.framework; sourceTree = BUILT_PRODUCTS_DIR; };
		C44F2DCAE54CDA82D3FD9227 /* Pods-FitMiUITests.release.xcconfig */ = {isa = PBXFileReference; includeInIndex = 1; lastKnownFileType = text.xcconfig; name = "Pods-FitMiUITests.release.xcconfig"; path = "Pods/Target Support Files/Pods-FitMiUITests/Pods-FitMiUITests.release.xcconfig"; sourceTree = "<group>"; };
/* End PBXFileReference section */

/* Begin PBXFrameworksBuildPhase section */
		0CD3CCE31D9EF0FA00E47BF8 /* Frameworks */ = {
			isa = PBXFrameworksBuildPhase;
			buildActionMask = 2147483647;
			files = (
				C94F900343CF501CF0F63CDD /* Pods_FitMi.framework in Frameworks */,
				0CE74F671D9FB73900CAB9CE /* HealthKit.framework in Frameworks */,
			);
			runOnlyForDeploymentPostprocessing = 0;
		};
		0CD3CCF71D9EF0FB00E47BF8 /* Frameworks */ = {
			isa = PBXFrameworksBuildPhase;
			buildActionMask = 2147483647;
			files = (
				2920B9E4DAC562EBC3158791 /* Pods_FitMiTests.framework in Frameworks */,
			);
			runOnlyForDeploymentPostprocessing = 0;
		};
		0CD3CD021D9EF0FB00E47BF8 /* Frameworks */ = {
			isa = PBXFrameworksBuildPhase;
			buildActionMask = 2147483647;
			files = (
				A8316A084B18A3CCD42D14AC /* Pods_FitMiUITests.framework in Frameworks */,
			);
			runOnlyForDeploymentPostprocessing = 0;
		};
/* End PBXFrameworksBuildPhase section */

/* Begin PBXGroup section */
		00EE74C4EB5836007D1B13E1 /* Frameworks */ = {
			isa = PBXGroup;
			children = (
				0CE74F661D9FB73900CAB9CE /* HealthKit.framework */,
				1C2529E0186F433C773AE43B /* Pods_FitMi.framework */,
				C11AA3465EDD7D5D726B41D9 /* Pods_FitMiTests.framework */,
				49ECDB7950536443F71A2AF9 /* Pods_FitMiUITests.framework */,
			);
			name = Frameworks;
			sourceTree = "<group>";
		};
		0CD3CCDD1D9EF0FA00E47BF8 = {
			isa = PBXGroup;
			children = (
				0CD3CCE81D9EF0FB00E47BF8 /* FitMi */,
				0CD3CCFD1D9EF0FB00E47BF8 /* FitMiTests */,
				0CD3CD081D9EF0FB00E47BF8 /* FitMiUITests */,
				0CD3CCE71D9EF0FB00E47BF8 /* Products */,
				75F5710FCA8F6D589F945C7B /* Pods */,
				00EE74C4EB5836007D1B13E1 /* Frameworks */,
			);
			sourceTree = "<group>";
		};
		0CD3CCE71D9EF0FB00E47BF8 /* Products */ = {
			isa = PBXGroup;
			children = (
				0CD3CCE61D9EF0FB00E47BF8 /* FitMi.app */,
				0CD3CCFA1D9EF0FB00E47BF8 /* FitMiTests.xctest */,
				0CD3CD051D9EF0FB00E47BF8 /* FitMiUITests.xctest */,
			);
			name = Products;
			sourceTree = "<group>";
		};
		0CD3CCE81D9EF0FB00E47BF8 /* FitMi */ = {
			isa = PBXGroup;
			children = (
				0CD3CD621D9EF84500E47BF8 /* Views */,
				0CD3CD5B1D9EF7C000E47BF8 /* Controllers */,
				0CD3CD5C1D9EF7C000E47BF8 /* Models */,
				0CD3CD5D1D9EF7C000E47BF8 /* Services */,
				0CE74F5E1D9FB17400CAB9CE /* Extensions */,
				0CD3CD761D9F168D00E47BF8 /* Resources */,
				0CD3CD6D1D9EFA1100E47BF8 /* Others */,
			);
			path = FitMi;
			sourceTree = "<group>";
		};
		0CD3CCFD1D9EF0FB00E47BF8 /* FitMiTests */ = {
			isa = PBXGroup;
			children = (
				0CD3CCFE1D9EF0FB00E47BF8 /* FitMiTests.swift */,
				0CD3CD001D9EF0FB00E47BF8 /* Info.plist */,
			);
			path = FitMiTests;
			sourceTree = "<group>";
		};
		0CD3CD081D9EF0FB00E47BF8 /* FitMiUITests */ = {
			isa = PBXGroup;
			children = (
				0CD3CD091D9EF0FB00E47BF8 /* FitMiUITests.swift */,
				0CD3CD0B1D9EF0FB00E47BF8 /* Info.plist */,
			);
			path = FitMiUITests;
			sourceTree = "<group>";
		};
		0CD3CD5B1D9EF7C000E47BF8 /* Controllers */ = {
			isa = PBXGroup;
			children = (
				0CD3CD5E1D9EF7DD00E47BF8 /* FMViewController.swift */,
				0CD3CD721D9F088200E47BF8 /* FMMenuViewController.swift */,
				0CD3CD601D9EF80D00E47BF8 /* FMRootViewController.swift */,
				0C60C1A01D9F3A5200F4F965 /* FMHomeViewController.swift */,
				0CD3CD741D9F144600E47BF8 /* FMExerciseViewController.swift */,
				0C7551181DB3273F002146FE /* FMBattleViewController.swift */,
				0CE74F5A1D9FAE6500CAB9CE /* FMStatisticsViewController.swift */,
				0CE74F5C1D9FAFA000CAB9CE /* FMAccountViewController.swift */,
				0C2E95521DAFD8F400C03669 /* FMStatisticsDetailViewController.swift */,
				9861CEF61DB0116400D659E4 /* FMWorkoutHistoryViewController.swift */,
				98F1A92A1DAFD6560025FC1B /* FMOnboardViewController.swift */,
				0CD2BA7A1DB0B54E00145AB2 /* FMExercisePopupViewController.swift */,
				0C7551321DB4F503002146FE /* FMLoadingViewController.swift */,
				0C7551381DB62D4C002146FE /* FMBoothViewController.swift */,
			);
			path = Controllers;
			sourceTree = "<group>";
		};
		0CD3CD5C1D9EF7C000E47BF8 /* Models */ = {
			isa = PBXGroup;
			children = (
				0CE74F5F1D9FB1D800CAB9CE /* FMSprite.swift */,
				0CFC8B7B1DA9040E0084DD6F /* FMSpriteState.swift */,
				0CB855A31DAC158100B3DA69 /* FMExerciseRecord.swift */,
				0C75511E1DB38107002146FE /* FMSkill.swift */,
				0C7551201DB3822C002146FE /* FMAction.swift */,
				0C7551221DB382D3002146FE /* FMAppearance.swift */,
			);
			path = Models;
			sourceTree = "<group>";
		};
		0CD3CD5D1D9EF7C000E47BF8 /* Services */ = {
			isa = PBXGroup;
			children = (
				0CD3CD691D9EF9CD00E47BF8 /* FMDatabaseManager.swift */,
				0CE74F631D9FB5DD00CAB9CE /* FMHealthStatusManager.swift */,
				0C486F7A1D9FF95400EB021B /* FMSpriteStatusManager.swift */,
				0CFC8B7F1DA96BCE0084DD6F /* FMSpriteLevelManager.swift */,
				98BE8B541DABF62100B9CBBA /* FMMotionStatusManager.swift */,
				0CBA9DD91DB0081B002D3911 /* FMOnboardManager.swift */,
				0C7551261DB3AE35002146FE /* FMConfigurationParser.swift */,
				0C7551281DB3D05C002146FE /* FMLocalStorageManager.swift */,
				0C75512A1DB3DC11002146FE /* FMNetworkManager.swift */,
			);
			path = Services;
			sourceTree = "<group>";
		};
		0CD3CD621D9EF84500E47BF8 /* Views */ = {
			isa = PBXGroup;
			children = (
				0CFC8B721DA821240084DD6F /* Cells */,
				0CD3CCED1D9EF0FB00E47BF8 /* Main.storyboard */,
				0CD3CD641D9EF86900E47BF8 /* FMMainScene.sks */,
				0CD3CD651D9EF86900E47BF8 /* FMMainScene.swift */,
				0C3B1A361DA9992E009DB425 /* FMPixelBubbleTransition.swift */,
				0C75511A1DB32F0B002146FE /* FMSectionHeaderView.xib */,
				0C75511C1DB32F31002146FE /* FMSectionHeaderView.swift */,
				0C75512E1DB4E5F9002146FE /* FMProgressView.swift */,
				0C7551341DB55C5C002146FE /* FMExerciseScene.sks */,
				0C7551361DB55CA4002146FE /* FMExerciseScene.swift */,
			);
			path = Views;
			sourceTree = "<group>";
		};
		0CD3CD6D1D9EFA1100E47BF8 /* Others */ = {
			isa = PBXGroup;
			children = (
				0CE74F651D9FB73900CAB9CE /* FitMi.entitlements */,
				0CD3CCE91D9EF0FB00E47BF8 /* AppDelegate.swift */,
				0CD3CD571D9EF6D900E47BF8 /* FitMi-Bridging-Header.h */,
				0CD3CCF01D9EF0FB00E47BF8 /* Assets.xcassets */,
				0CD3CCF21D9EF0FB00E47BF8 /* LaunchScreen.storyboard */,
				0CD3CCF51D9EF0FB00E47BF8 /* Info.plist */,
				0C7551241DB3A7B5002146FE /* Fitconfig.plist */,
			);
			name = Others;
			sourceTree = "<group>";
		};
		0CD3CD761D9F168D00E47BF8 /* Resources */ = {
			isa = PBXGroup;
			children = (
				93A46F5C1DB8CA9B00B4D77C /* sounds */,
				93B34DF61DB409D7005D530E /* battle */,
				93A5D36D1DAF82DF00439264 /* backgrounds */,
				0CFC8B811DA97FC40084DD6F /* fonts */,
				0CD3CD771D9F168D00E47BF8 /* sprites */,
			);
			path = Resources;
			sourceTree = "<group>";
		};
		0CD3CD771D9F168D00E47BF8 /* sprites */ = {
			isa = PBXGroup;
			children = (
				9352E1741DB0B88E00227C89 /* sprite-tired.atlas */,
				9352E1721DB0B37700227C89 /* sprite-wake.atlas */,
				9352E1701DB0B36D00227C89 /* sprite-sleep.atlas */,
				93B2236E1DAD50990067F43A /* sprite-touch.atlas */,
				93B223501DAD2D7C0067F43A /* sprite-run.atlas */,
				93B2234E1DAD2CFC0067F43A /* sprite-relax.atlas */,
			);
			path = sprites;
			sourceTree = "<group>";
		};
		0CE74F5E1D9FB17400CAB9CE /* Extensions */ = {
			isa = PBXGroup;
			children = (
				0CE74F611D9FB21F00CAB9CE /* UIKitExtention.swift */,
				0C81DC1F1DA26DEE00E8856E /* Constants.swift */,
				0CFC8B7D1DA9199B0084DD6F /* FoundationExtension.swift */,
				0C75512C1DB3DDE0002146FE /* FMAtomicCounter.swift */,
			);
			path = Extensions;
			sourceTree = "<group>";
		};
		0CFC8B721DA821240084DD6F /* Cells */ = {
			isa = PBXGroup;
			children = (
				0C51F7481DB300D600A5231E /* FMLabelCell.swift */,
				0C51F7491DB300D600A5231E /* FMLabelCell.xib */,
				0CFC8B771DA8227D0084DD6F /* FMChartTableViewCell.swift */,
				0CFC8B781DA8227D0084DD6F /* FMChartTableViewCell.xib */,
				0C2E95541DAFDA7D00C03669 /* FMMiddleAlignedLabelCell.swift */,
				0C2E95551DAFDA7D00C03669 /* FMMiddleAlignedLabelCell.xib */,
				0C2E955A1DAFE4C000C03669 /* FMStatsDetailCell.swift */,
				0C2E955B1DAFE4C000C03669 /* FMStatsDetailCell.xib */,
				9861CEF91DB0221900D659E4 /* FMWorkoutHistoryCell.swift */,
				9861CEFA1DB0221900D659E4 /* FMWorkoutHistoryCell.xib */,
				0CBAE30D1DB6CEA500603D2E /* FMBoothItemCell.swift */,
				0CBAE30E1DB6CEA500603D2E /* FMBoothItemCell.xib */,
			);
			path = Cells;
			sourceTree = "<group>";
		};
		0CFC8B811DA97FC40084DD6F /* fonts */ = {
			isa = PBXGroup;
			children = (
				0C75513A1DB6B0F1002146FE /* Pokemon.ttf */,
				98F1A92C1DAFE1420025FC1B /* VT323.ttf */,
				0CFC8B821DA97FC40084DD6F /* Pixeled.ttf */,
			);
			path = fonts;
			sourceTree = "<group>";
		};
		75F5710FCA8F6D589F945C7B /* Pods */ = {
			isa = PBXGroup;
			children = (
				9F0044B78ED30D1E7AFFAC62 /* Pods-FitMi.debug.xcconfig */,
				719234BDB38DF8BD5F1890BB /* Pods-FitMi.release.xcconfig */,
				9B6B86172301C312C9C0109C /* Pods-FitMiTests.debug.xcconfig */,
				B69245928FE816CEC2A45635 /* Pods-FitMiTests.release.xcconfig */,
				669192A5417414353ED5801E /* Pods-FitMiUITests.debug.xcconfig */,
				C44F2DCAE54CDA82D3FD9227 /* Pods-FitMiUITests.release.xcconfig */,
			);
			name = Pods;
			sourceTree = "<group>";
		};
		93A46F5C1DB8CA9B00B4D77C /* sounds */ = {
			isa = PBXGroup;
			children = (
				93A46F691DB8DDA100B4D77C /* shocked.mp3 */,
				93A46F6A1DB8DDA100B4D77C /* sweat.mp3 */,
				93A46F6B1DB8DDA100B4D77C /* touch.mp3 */,
				93A46F671DB8DD3600B4D77C /* sleep.mp3 */,
			);
			path = sounds;
			sourceTree = "<group>";
		};
		93A5D36D1DAF82DF00439264 /* backgrounds */ = {
			isa = PBXGroup;
			children = (
				93A5D36E1DAF82DF00439264 /* background-01.atlas */,
			);
			path = backgrounds;
			sourceTree = "<group>";
		};
		93B34DF61DB409D7005D530E /* battle */ = {
			isa = PBXGroup;
			children = (
				93B34DF71DB409D7005D530E /* defend.atlas */,
				93B34DF81DB409D7005D530E /* skill-1.atlas */,
				93B34DF91DB409D7005D530E /* skill-2.atlas */,
			);
			path = battle;
			sourceTree = "<group>";
		};
/* End PBXGroup section */

/* Begin PBXNativeTarget section */
		0CD3CCE51D9EF0FA00E47BF8 /* FitMi */ = {
			isa = PBXNativeTarget;
			buildConfigurationList = 0CD3CD0E1D9EF0FB00E47BF8 /* Build configuration list for PBXNativeTarget "FitMi" */;
			buildPhases = (
				464888127AE211A13809971C /* [CP] Check Pods Manifest.lock */,
				0CD3CCE21D9EF0FA00E47BF8 /* Sources */,
				0CD3CCE31D9EF0FA00E47BF8 /* Frameworks */,
				0CD3CCE41D9EF0FA00E47BF8 /* Resources */,
				7E7C8E0089D27A45276D7942 /* [CP] Embed Pods Frameworks */,
				C695AC0842DC5206FA771C93 /* [CP] Copy Pods Resources */,
			);
			buildRules = (
			);
			dependencies = (
			);
			name = FitMi;
			productName = FitMi;
			productReference = 0CD3CCE61D9EF0FB00E47BF8 /* FitMi.app */;
			productType = "com.apple.product-type.application";
		};
		0CD3CCF91D9EF0FB00E47BF8 /* FitMiTests */ = {
			isa = PBXNativeTarget;
			buildConfigurationList = 0CD3CD111D9EF0FB00E47BF8 /* Build configuration list for PBXNativeTarget "FitMiTests" */;
			buildPhases = (
				E05A7FF79B0B6962D7077456 /* [CP] Check Pods Manifest.lock */,
				0CD3CCF61D9EF0FB00E47BF8 /* Sources */,
				0CD3CCF71D9EF0FB00E47BF8 /* Frameworks */,
				0CD3CCF81D9EF0FB00E47BF8 /* Resources */,
				EECE1F044754767CA381994E /* [CP] Embed Pods Frameworks */,
				3E7DF73D6200A0F9242B5D99 /* [CP] Copy Pods Resources */,
			);
			buildRules = (
			);
			dependencies = (
				0CD3CCFC1D9EF0FB00E47BF8 /* PBXTargetDependency */,
			);
			name = FitMiTests;
			productName = FitMiTests;
			productReference = 0CD3CCFA1D9EF0FB00E47BF8 /* FitMiTests.xctest */;
			productType = "com.apple.product-type.bundle.unit-test";
		};
		0CD3CD041D9EF0FB00E47BF8 /* FitMiUITests */ = {
			isa = PBXNativeTarget;
			buildConfigurationList = 0CD3CD141D9EF0FB00E47BF8 /* Build configuration list for PBXNativeTarget "FitMiUITests" */;
			buildPhases = (
				BBA395AF6B4AA4BB74CB26A3 /* [CP] Check Pods Manifest.lock */,
				0CD3CD011D9EF0FB00E47BF8 /* Sources */,
				0CD3CD021D9EF0FB00E47BF8 /* Frameworks */,
				0CD3CD031D9EF0FB00E47BF8 /* Resources */,
				875069EF087EDDC1E2DC7D71 /* [CP] Copy Pods Resources */,
				2AF721B5CA69672FDBD32126 /* [CP] Embed Pods Frameworks */,
			);
			buildRules = (
			);
			dependencies = (
				0CD3CD071D9EF0FB00E47BF8 /* PBXTargetDependency */,
			);
			name = FitMiUITests;
			productName = FitMiUITests;
			productReference = 0CD3CD051D9EF0FB00E47BF8 /* FitMiUITests.xctest */;
			productType = "com.apple.product-type.bundle.ui-testing";
		};
/* End PBXNativeTarget section */

/* Begin PBXProject section */
		0CD3CCDE1D9EF0FA00E47BF8 /* Project object */ = {
			isa = PBXProject;
			attributes = {
				CLASSPREFIX = FM;
				LastSwiftUpdateCheck = 0800;
				LastUpgradeCheck = 0800;
				ORGANIZATIONNAME = FitMi;
				TargetAttributes = {
					0CD3CCE51D9EF0FA00E47BF8 = {
						CreatedOnToolsVersion = 8.0;
						DevelopmentTeam = EQ5L798SLT;
						LastSwiftMigration = 0800;
						ProvisioningStyle = Automatic;
						SystemCapabilities = {
							com.apple.HealthKit = {
								enabled = 1;
							};
						};
					};
					0CD3CCF91D9EF0FB00E47BF8 = {
						CreatedOnToolsVersion = 8.0;
						DevelopmentTeam = EQ5L798SLT;
						ProvisioningStyle = Automatic;
						TestTargetID = 0CD3CCE51D9EF0FA00E47BF8;
					};
					0CD3CD041D9EF0FB00E47BF8 = {
						CreatedOnToolsVersion = 8.0;
						DevelopmentTeam = EQ5L798SLT;
						ProvisioningStyle = Automatic;
						TestTargetID = 0CD3CCE51D9EF0FA00E47BF8;
					};
				};
			};
			buildConfigurationList = 0CD3CCE11D9EF0FA00E47BF8 /* Build configuration list for PBXProject "FitMi" */;
			compatibilityVersion = "Xcode 3.2";
			developmentRegion = English;
			hasScannedForEncodings = 0;
			knownRegions = (
				en,
				Base,
			);
			mainGroup = 0CD3CCDD1D9EF0FA00E47BF8;
			productRefGroup = 0CD3CCE71D9EF0FB00E47BF8 /* Products */;
			projectDirPath = "";
			projectRoot = "";
			targets = (
				0CD3CCE51D9EF0FA00E47BF8 /* FitMi */,
				0CD3CCF91D9EF0FB00E47BF8 /* FitMiTests */,
				0CD3CD041D9EF0FB00E47BF8 /* FitMiUITests */,
			);
		};
/* End PBXProject section */

/* Begin PBXResourcesBuildPhase section */
		0CD3CCE41D9EF0FA00E47BF8 /* Resources */ = {
			isa = PBXResourcesBuildPhase;
			buildActionMask = 2147483647;
			files = (
				0C75513B1DB6B27E002146FE /* Pokemon.ttf in Resources */,
				9352E1731DB0B37700227C89 /* sprite-wake.atlas in Resources */,
				93A5D3721DAF87D200439264 /* background-01.atlas in Resources */,
				0C7551251DB3A7B5002146FE /* Fitconfig.plist in Resources */,
				9352E1751DB0B88E00227C89 /* sprite-tired.atlas in Resources */,
				0C51F74B1DB300D600A5231E /* FMLabelCell.xib in Resources */,
				9861CEFC1DB0221900D659E4 /* FMWorkoutHistoryCell.xib in Resources */,
				0CFC8B831DA97FC40084DD6F /* Pixeled.ttf in Resources */,
				93A46F6E1DB8DDA100B4D77C /* touch.mp3 in Resources */,
				0C75511B1DB32F0B002146FE /* FMSectionHeaderView.xib in Resources */,
				93A46F681DB8DD3600B4D77C /* sleep.mp3 in Resources */,
				0CD3CCF41D9EF0FB00E47BF8 /* LaunchScreen.storyboard in Resources */,
				0CBAE3101DB6CEA500603D2E /* FMBoothItemCell.xib in Resources */,
				0C2E955D1DAFE4C000C03669 /* FMStatsDetailCell.xib in Resources */,
				0C2E95571DAFDA7D00C03669 /* FMMiddleAlignedLabelCell.xib in Resources */,
				0CD3CD671D9EF86900E47BF8 /* FMMainScene.sks in Resources */,
				9352E1711DB0B36D00227C89 /* sprite-sleep.atlas in Resources */,
				93A46F6D1DB8DDA100B4D77C /* sweat.mp3 in Resources */,
				93B34DFB1DB409D7005D530E /* skill-1.atlas in Resources */,
				93B34DFC1DB409D7005D530E /* skill-2.atlas in Resources */,
				93A46F6C1DB8DDA100B4D77C /* shocked.mp3 in Resources */,
				0CD3CCF11D9EF0FB00E47BF8 /* Assets.xcassets in Resources */,
				93B34DFA1DB409D7005D530E /* defend.atlas in Resources */,
				93B2236F1DAD50990067F43A /* sprite-touch.atlas in Resources */,
				93B223511DAD2D7C0067F43A /* sprite-run.atlas in Resources */,
				0C7551351DB55C5C002146FE /* FMExerciseScene.sks in Resources */,
				98F1A92D1DAFE15B0025FC1B /* VT323.ttf in Resources */,
				93B2234F1DAD2CFC0067F43A /* sprite-relax.atlas in Resources */,
				0CD3CCEF1D9EF0FB00E47BF8 /* Main.storyboard in Resources */,
				0CFC8B7A1DA8227D0084DD6F /* FMChartTableViewCell.xib in Resources */,
			);
			runOnlyForDeploymentPostprocessing = 0;
		};
		0CD3CCF81D9EF0FB00E47BF8 /* Resources */ = {
			isa = PBXResourcesBuildPhase;
			buildActionMask = 2147483647;
			files = (
			);
			runOnlyForDeploymentPostprocessing = 0;
		};
		0CD3CD031D9EF0FB00E47BF8 /* Resources */ = {
			isa = PBXResourcesBuildPhase;
			buildActionMask = 2147483647;
			files = (
			);
			runOnlyForDeploymentPostprocessing = 0;
		};
/* End PBXResourcesBuildPhase section */

/* Begin PBXShellScriptBuildPhase section */
		2AF721B5CA69672FDBD32126 /* [CP] Embed Pods Frameworks */ = {
			isa = PBXShellScriptBuildPhase;
			buildActionMask = 2147483647;
			files = (
			);
			inputPaths = (
			);
			name = "[CP] Embed Pods Frameworks";
			outputPaths = (
			);
			runOnlyForDeploymentPostprocessing = 0;
			shellPath = /bin/sh;
			shellScript = "\"${SRCROOT}/Pods/Target Support Files/Pods-FitMiUITests/Pods-FitMiUITests-frameworks.sh\"\n";
			showEnvVarsInLog = 0;
		};
		3E7DF73D6200A0F9242B5D99 /* [CP] Copy Pods Resources */ = {
			isa = PBXShellScriptBuildPhase;
			buildActionMask = 2147483647;
			files = (
			);
			inputPaths = (
			);
			name = "[CP] Copy Pods Resources";
			outputPaths = (
			);
			runOnlyForDeploymentPostprocessing = 0;
			shellPath = /bin/sh;
			shellScript = "\"${SRCROOT}/Pods/Target Support Files/Pods-FitMiTests/Pods-FitMiTests-resources.sh\"\n";
			showEnvVarsInLog = 0;
		};
		464888127AE211A13809971C /* [CP] Check Pods Manifest.lock */ = {
			isa = PBXShellScriptBuildPhase;
			buildActionMask = 2147483647;
			files = (
			);
			inputPaths = (
			);
			name = "[CP] Check Pods Manifest.lock";
			outputPaths = (
			);
			runOnlyForDeploymentPostprocessing = 0;
			shellPath = /bin/sh;
			shellScript = "diff \"${PODS_ROOT}/../Podfile.lock\" \"${PODS_ROOT}/Manifest.lock\" > /dev/null\nif [[ $? != 0 ]] ; then\n    cat << EOM\nerror: The sandbox is not in sync with the Podfile.lock. Run 'pod install' or update your CocoaPods installation.\nEOM\n    exit 1\nfi\n";
			showEnvVarsInLog = 0;
		};
		7E7C8E0089D27A45276D7942 /* [CP] Embed Pods Frameworks */ = {
			isa = PBXShellScriptBuildPhase;
			buildActionMask = 2147483647;
			files = (
			);
			inputPaths = (
			);
			name = "[CP] Embed Pods Frameworks";
			outputPaths = (
			);
			runOnlyForDeploymentPostprocessing = 0;
			shellPath = /bin/sh;
			shellScript = "\"${SRCROOT}/Pods/Target Support Files/Pods-FitMi/Pods-FitMi-frameworks.sh\"\n";
			showEnvVarsInLog = 0;
		};
		875069EF087EDDC1E2DC7D71 /* [CP] Copy Pods Resources */ = {
			isa = PBXShellScriptBuildPhase;
			buildActionMask = 2147483647;
			files = (
			);
			inputPaths = (
			);
			name = "[CP] Copy Pods Resources";
			outputPaths = (
			);
			runOnlyForDeploymentPostprocessing = 0;
			shellPath = /bin/sh;
			shellScript = "\"${SRCROOT}/Pods/Target Support Files/Pods-FitMiUITests/Pods-FitMiUITests-resources.sh\"\n";
			showEnvVarsInLog = 0;
		};
		BBA395AF6B4AA4BB74CB26A3 /* [CP] Check Pods Manifest.lock */ = {
			isa = PBXShellScriptBuildPhase;
			buildActionMask = 2147483647;
			files = (
			);
			inputPaths = (
			);
			name = "[CP] Check Pods Manifest.lock";
			outputPaths = (
			);
			runOnlyForDeploymentPostprocessing = 0;
			shellPath = /bin/sh;
			shellScript = "diff \"${PODS_ROOT}/../Podfile.lock\" \"${PODS_ROOT}/Manifest.lock\" > /dev/null\nif [[ $? != 0 ]] ; then\n    cat << EOM\nerror: The sandbox is not in sync with the Podfile.lock. Run 'pod install' or update your CocoaPods installation.\nEOM\n    exit 1\nfi\n";
			showEnvVarsInLog = 0;
		};
		C695AC0842DC5206FA771C93 /* [CP] Copy Pods Resources */ = {
			isa = PBXShellScriptBuildPhase;
			buildActionMask = 2147483647;
			files = (
			);
			inputPaths = (
			);
			name = "[CP] Copy Pods Resources";
			outputPaths = (
			);
			runOnlyForDeploymentPostprocessing = 0;
			shellPath = /bin/sh;
			shellScript = "\"${SRCROOT}/Pods/Target Support Files/Pods-FitMi/Pods-FitMi-resources.sh\"\n";
			showEnvVarsInLog = 0;
		};
		E05A7FF79B0B6962D7077456 /* [CP] Check Pods Manifest.lock */ = {
			isa = PBXShellScriptBuildPhase;
			buildActionMask = 2147483647;
			files = (
			);
			inputPaths = (
			);
			name = "[CP] Check Pods Manifest.lock";
			outputPaths = (
			);
			runOnlyForDeploymentPostprocessing = 0;
			shellPath = /bin/sh;
			shellScript = "diff \"${PODS_ROOT}/../Podfile.lock\" \"${PODS_ROOT}/Manifest.lock\" > /dev/null\nif [[ $? != 0 ]] ; then\n    cat << EOM\nerror: The sandbox is not in sync with the Podfile.lock. Run 'pod install' or update your CocoaPods installation.\nEOM\n    exit 1\nfi\n";
			showEnvVarsInLog = 0;
		};
		EECE1F044754767CA381994E /* [CP] Embed Pods Frameworks */ = {
			isa = PBXShellScriptBuildPhase;
			buildActionMask = 2147483647;
			files = (
			);
			inputPaths = (
			);
			name = "[CP] Embed Pods Frameworks";
			outputPaths = (
			);
			runOnlyForDeploymentPostprocessing = 0;
			shellPath = /bin/sh;
			shellScript = "\"${SRCROOT}/Pods/Target Support Files/Pods-FitMiTests/Pods-FitMiTests-frameworks.sh\"\n";
			showEnvVarsInLog = 0;
		};
/* End PBXShellScriptBuildPhase section */

/* Begin PBXSourcesBuildPhase section */
		0CD3CCE21D9EF0FA00E47BF8 /* Sources */ = {
			isa = PBXSourcesBuildPhase;
			buildActionMask = 2147483647;
			files = (
				0C7551231DB382D3002146FE /* FMAppearance.swift in Sources */,
				0C75511F1DB38107002146FE /* FMSkill.swift in Sources */,
				9861CEF71DB0116400D659E4 /* FMWorkoutHistoryViewController.swift in Sources */,
				0C75512B1DB3DC11002146FE /* FMNetworkManager.swift in Sources */,
				0CD3CD611D9EF80D00E47BF8 /* FMRootViewController.swift in Sources */,
				0C7551391DB62D4C002146FE /* FMBoothViewController.swift in Sources */,
				0CB855A41DAC158100B3DA69 /* FMExerciseRecord.swift in Sources */,
				0CD3CCEA1D9EF0FB00E47BF8 /* AppDelegate.swift in Sources */,
				0CD3CD6A1D9EF9CD00E47BF8 /* FMDatabaseManager.swift in Sources */,
				0C7551191DB3273F002146FE /* FMBattleViewController.swift in Sources */,
				98BE8B551DABF62100B9CBBA /* FMMotionStatusManager.swift in Sources */,
				0CFC8B7C1DA9040E0084DD6F /* FMSpriteState.swift in Sources */,
				98F1A92B1DAFD6560025FC1B /* FMOnboardViewController.swift in Sources */,
				0C3B1A371DA9992E009DB425 /* FMPixelBubbleTransition.swift in Sources */,
				0C2E95561DAFDA7D00C03669 /* FMMiddleAlignedLabelCell.swift in Sources */,
				0C7551211DB3822C002146FE /* FMAction.swift in Sources */,
				0CFC8B7E1DA9199B0084DD6F /* FoundationExtension.swift in Sources */,
				0CD3CD751D9F144600E47BF8 /* FMExerciseViewController.swift in Sources */,
				0C2E955C1DAFE4C000C03669 /* FMStatsDetailCell.swift in Sources */,
				0CD3CD731D9F088200E47BF8 /* FMMenuViewController.swift in Sources */,
				9861CEFB1DB0221900D659E4 /* FMWorkoutHistoryCell.swift in Sources */,
				0C81DC201DA26DEE00E8856E /* Constants.swift in Sources */,
				0CBA9DDA1DB0081B002D3911 /* FMOnboardManager.swift in Sources */,
				0C51F74A1DB300D600A5231E /* FMLabelCell.swift in Sources */,
				0C60C1A11D9F3A5200F4F965 /* FMHomeViewController.swift in Sources */,
				0CE74F5D1D9FAFA000CAB9CE /* FMAccountViewController.swift in Sources */,
				0C486F7B1D9FF95400EB021B /* FMSpriteStatusManager.swift in Sources */,
				0CD2BA7B1DB0B54E00145AB2 /* FMExercisePopupViewController.swift in Sources */,
				0CFC8B801DA96BCE0084DD6F /* FMSpriteLevelManager.swift in Sources */,
				0C7551331DB4F503002146FE /* FMLoadingViewController.swift in Sources */,
				0CE74F621D9FB21F00CAB9CE /* UIKitExtention.swift in Sources */,
				0CBAE30F1DB6CEA500603D2E /* FMBoothItemCell.swift in Sources */,
				0C75512F1DB4E5F9002146FE /* FMProgressView.swift in Sources */,
				0CE74F601D9FB1D800CAB9CE /* FMSprite.swift in Sources */,
				0CE74F5B1D9FAE6500CAB9CE /* FMStatisticsViewController.swift in Sources */,
				0CD3CD681D9EF86900E47BF8 /* FMMainScene.swift in Sources */,
				0CFC8B791DA8227D0084DD6F /* FMChartTableViewCell.swift in Sources */,
				0C7551291DB3D05C002146FE /* FMLocalStorageManager.swift in Sources */,
				0C2E95531DAFD8F400C03669 /* FMStatisticsDetailViewController.swift in Sources */,
				0C7551371DB55CA4002146FE /* FMExerciseScene.swift in Sources */,
				0CD3CD5F1D9EF7DD00E47BF8 /* FMViewController.swift in Sources */,
				0CE74F641D9FB5DD00CAB9CE /* FMHealthStatusManager.swift in Sources */,
				0C75512D1DB3DDE0002146FE /* FMAtomicCounter.swift in Sources */,
				0C75511D1DB32F31002146FE /* FMSectionHeaderView.swift in Sources */,
				0C7551271DB3AE35002146FE /* FMConfigurationParser.swift in Sources */,
			);
			runOnlyForDeploymentPostprocessing = 0;
		};
		0CD3CCF61D9EF0FB00E47BF8 /* Sources */ = {
			isa = PBXSourcesBuildPhase;
			buildActionMask = 2147483647;
			files = (
				0CD3CCFF1D9EF0FB00E47BF8 /* FitMiTests.swift in Sources */,
			);
			runOnlyForDeploymentPostprocessing = 0;
		};
		0CD3CD011D9EF0FB00E47BF8 /* Sources */ = {
			isa = PBXSourcesBuildPhase;
			buildActionMask = 2147483647;
			files = (
				0CD3CD0A1D9EF0FB00E47BF8 /* FitMiUITests.swift in Sources */,
			);
			runOnlyForDeploymentPostprocessing = 0;
		};
/* End PBXSourcesBuildPhase section */

/* Begin PBXTargetDependency section */
		0CD3CCFC1D9EF0FB00E47BF8 /* PBXTargetDependency */ = {
			isa = PBXTargetDependency;
			target = 0CD3CCE51D9EF0FA00E47BF8 /* FitMi */;
			targetProxy = 0CD3CCFB1D9EF0FB00E47BF8 /* PBXContainerItemProxy */;
		};
		0CD3CD071D9EF0FB00E47BF8 /* PBXTargetDependency */ = {
			isa = PBXTargetDependency;
			target = 0CD3CCE51D9EF0FA00E47BF8 /* FitMi */;
			targetProxy = 0CD3CD061D9EF0FB00E47BF8 /* PBXContainerItemProxy */;
		};
/* End PBXTargetDependency section */

/* Begin PBXVariantGroup section */
		0CD3CCED1D9EF0FB00E47BF8 /* Main.storyboard */ = {
			isa = PBXVariantGroup;
			children = (
				0CD3CCEE1D9EF0FB00E47BF8 /* Base */,
			);
			name = Main.storyboard;
			path = ..;
			sourceTree = "<group>";
		};
		0CD3CCF21D9EF0FB00E47BF8 /* LaunchScreen.storyboard */ = {
			isa = PBXVariantGroup;
			children = (
				0CD3CCF31D9EF0FB00E47BF8 /* Base */,
			);
			name = LaunchScreen.storyboard;
			sourceTree = "<group>";
		};
/* End PBXVariantGroup section */

/* Begin XCBuildConfiguration section */
		0CD3CD0C1D9EF0FB00E47BF8 /* Debug */ = {
			isa = XCBuildConfiguration;
			buildSettings = {
				ALWAYS_SEARCH_USER_PATHS = NO;
				CLANG_ANALYZER_NONNULL = YES;
				CLANG_CXX_LANGUAGE_STANDARD = "gnu++0x";
				CLANG_CXX_LIBRARY = "libc++";
				CLANG_ENABLE_MODULES = YES;
				CLANG_ENABLE_OBJC_ARC = YES;
				CLANG_WARN_BOOL_CONVERSION = YES;
				CLANG_WARN_CONSTANT_CONVERSION = YES;
				CLANG_WARN_DIRECT_OBJC_ISA_USAGE = YES_ERROR;
				CLANG_WARN_DOCUMENTATION_COMMENTS = YES;
				CLANG_WARN_EMPTY_BODY = YES;
				CLANG_WARN_ENUM_CONVERSION = YES;
				CLANG_WARN_INFINITE_RECURSION = YES;
				CLANG_WARN_INT_CONVERSION = YES;
				CLANG_WARN_OBJC_ROOT_CLASS = YES_ERROR;
				CLANG_WARN_SUSPICIOUS_MOVE = YES;
				CLANG_WARN_SUSPICIOUS_MOVES = YES;
				CLANG_WARN_UNREACHABLE_CODE = YES;
				CLANG_WARN__DUPLICATE_METHOD_MATCH = YES;
				"CODE_SIGN_IDENTITY[sdk=iphoneos*]" = "iPhone Developer";
				COPY_PHASE_STRIP = NO;
				DEBUG_INFORMATION_FORMAT = dwarf;
				ENABLE_STRICT_OBJC_MSGSEND = YES;
				ENABLE_TESTABILITY = YES;
				GCC_C_LANGUAGE_STANDARD = gnu99;
				GCC_DYNAMIC_NO_PIC = NO;
				GCC_NO_COMMON_BLOCKS = YES;
				GCC_OPTIMIZATION_LEVEL = 0;
				GCC_PREPROCESSOR_DEFINITIONS = (
					"DEBUG=1",
					"$(inherited)",
				);
				GCC_WARN_64_TO_32_BIT_CONVERSION = YES;
				GCC_WARN_ABOUT_RETURN_TYPE = YES_ERROR;
				GCC_WARN_UNDECLARED_SELECTOR = YES;
				GCC_WARN_UNINITIALIZED_AUTOS = YES_AGGRESSIVE;
				GCC_WARN_UNUSED_FUNCTION = YES;
				GCC_WARN_UNUSED_VARIABLE = YES;
				IPHONEOS_DEPLOYMENT_TARGET = 9.0;
				MTL_ENABLE_DEBUG_INFO = YES;
				ONLY_ACTIVE_ARCH = YES;
				SDKROOT = iphoneos;
				SWIFT_ACTIVE_COMPILATION_CONDITIONS = DEBUG;
				SWIFT_OPTIMIZATION_LEVEL = "-Onone";
				TARGETED_DEVICE_FAMILY = "1,2";
			};
			name = Debug;
		};
		0CD3CD0D1D9EF0FB00E47BF8 /* Release */ = {
			isa = XCBuildConfiguration;
			buildSettings = {
				ALWAYS_SEARCH_USER_PATHS = NO;
				CLANG_ANALYZER_NONNULL = YES;
				CLANG_CXX_LANGUAGE_STANDARD = "gnu++0x";
				CLANG_CXX_LIBRARY = "libc++";
				CLANG_ENABLE_MODULES = YES;
				CLANG_ENABLE_OBJC_ARC = YES;
				CLANG_WARN_BOOL_CONVERSION = YES;
				CLANG_WARN_CONSTANT_CONVERSION = YES;
				CLANG_WARN_DIRECT_OBJC_ISA_USAGE = YES_ERROR;
				CLANG_WARN_DOCUMENTATION_COMMENTS = YES;
				CLANG_WARN_EMPTY_BODY = YES;
				CLANG_WARN_ENUM_CONVERSION = YES;
				CLANG_WARN_INFINITE_RECURSION = YES;
				CLANG_WARN_INT_CONVERSION = YES;
				CLANG_WARN_OBJC_ROOT_CLASS = YES_ERROR;
				CLANG_WARN_SUSPICIOUS_MOVE = YES;
				CLANG_WARN_SUSPICIOUS_MOVES = YES;
				CLANG_WARN_UNREACHABLE_CODE = YES;
				CLANG_WARN__DUPLICATE_METHOD_MATCH = YES;
				"CODE_SIGN_IDENTITY[sdk=iphoneos*]" = "iPhone Developer";
				COPY_PHASE_STRIP = NO;
				DEBUG_INFORMATION_FORMAT = "dwarf-with-dsym";
				ENABLE_NS_ASSERTIONS = NO;
				ENABLE_STRICT_OBJC_MSGSEND = YES;
				GCC_C_LANGUAGE_STANDARD = gnu99;
				GCC_NO_COMMON_BLOCKS = YES;
				GCC_WARN_64_TO_32_BIT_CONVERSION = YES;
				GCC_WARN_ABOUT_RETURN_TYPE = YES_ERROR;
				GCC_WARN_UNDECLARED_SELECTOR = YES;
				GCC_WARN_UNINITIALIZED_AUTOS = YES_AGGRESSIVE;
				GCC_WARN_UNUSED_FUNCTION = YES;
				GCC_WARN_UNUSED_VARIABLE = YES;
				IPHONEOS_DEPLOYMENT_TARGET = 9.0;
				MTL_ENABLE_DEBUG_INFO = NO;
				SDKROOT = iphoneos;
				SWIFT_OPTIMIZATION_LEVEL = "-Owholemodule";
				TARGETED_DEVICE_FAMILY = "1,2";
				VALIDATE_PRODUCT = YES;
			};
			name = Release;
		};
		0CD3CD0F1D9EF0FB00E47BF8 /* Debug */ = {
			isa = XCBuildConfiguration;
			baseConfigurationReference = 9F0044B78ED30D1E7AFFAC62 /* Pods-FitMi.debug.xcconfig */;
			buildSettings = {
				ALWAYS_EMBED_SWIFT_STANDARD_LIBRARIES = YES;
				ASSETCATALOG_COMPILER_APPICON_NAME = AppIcon;
				CLANG_ENABLE_MODULES = YES;
				CODE_SIGN_ENTITLEMENTS = FitMi/FitMi.entitlements;
				"CODE_SIGN_IDENTITY[sdk=iphoneos*]" = "iPhone Developer";
				DEVELOPMENT_TEAM = EQ5L798SLT;
				INFOPLIST_FILE = FitMi/Info.plist;
				LD_RUNPATH_SEARCH_PATHS = "$(inherited) @executable_path/Frameworks";
				PRODUCT_BUNDLE_IDENTIFIER = com.fitmi.FitMi;
				PRODUCT_NAME = "$(TARGET_NAME)";
				SWIFT_OBJC_BRIDGING_HEADER = "FitMi/FitMi-Bridging-Header.h";
				SWIFT_OPTIMIZATION_LEVEL = "-Onone";
				SWIFT_VERSION = 3.0;
				TARGETED_DEVICE_FAMILY = 1;
			};
			name = Debug;
		};
		0CD3CD101D9EF0FB00E47BF8 /* Release */ = {
			isa = XCBuildConfiguration;
			baseConfigurationReference = 719234BDB38DF8BD5F1890BB /* Pods-FitMi.release.xcconfig */;
			buildSettings = {
				ALWAYS_EMBED_SWIFT_STANDARD_LIBRARIES = YES;
				ASSETCATALOG_COMPILER_APPICON_NAME = AppIcon;
				CLANG_ENABLE_MODULES = YES;
				CODE_SIGN_ENTITLEMENTS = FitMi/FitMi.entitlements;
				"CODE_SIGN_IDENTITY[sdk=iphoneos*]" = "iPhone Developer";
				DEVELOPMENT_TEAM = EQ5L798SLT;
				INFOPLIST_FILE = FitMi/Info.plist;
				LD_RUNPATH_SEARCH_PATHS = "$(inherited) @executable_path/Frameworks";
				PRODUCT_BUNDLE_IDENTIFIER = com.fitmi.FitMi;
				PRODUCT_NAME = "$(TARGET_NAME)";
				SWIFT_OBJC_BRIDGING_HEADER = "FitMi/FitMi-Bridging-Header.h";
				SWIFT_VERSION = 3.0;
				TARGETED_DEVICE_FAMILY = 1;
			};
			name = Release;
		};
		0CD3CD121D9EF0FB00E47BF8 /* Debug */ = {
			isa = XCBuildConfiguration;
			baseConfigurationReference = 9B6B86172301C312C9C0109C /* Pods-FitMiTests.debug.xcconfig */;
			buildSettings = {
				ALWAYS_EMBED_SWIFT_STANDARD_LIBRARIES = YES;
				BUNDLE_LOADER = "$(TEST_HOST)";
				DEVELOPMENT_TEAM = EQ5L798SLT;
				INFOPLIST_FILE = FitMiTests/Info.plist;
				LD_RUNPATH_SEARCH_PATHS = "$(inherited) @executable_path/Frameworks @loader_path/Frameworks";
				PRODUCT_BUNDLE_IDENTIFIER = com.fitmi.FitMiTests;
				PRODUCT_NAME = "$(TARGET_NAME)";
				SWIFT_VERSION = 3.0;
				TEST_HOST = "$(BUILT_PRODUCTS_DIR)/FitMi.app/FitMi";
			};
			name = Debug;
		};
		0CD3CD131D9EF0FB00E47BF8 /* Release */ = {
			isa = XCBuildConfiguration;
			baseConfigurationReference = B69245928FE816CEC2A45635 /* Pods-FitMiTests.release.xcconfig */;
			buildSettings = {
				ALWAYS_EMBED_SWIFT_STANDARD_LIBRARIES = YES;
				BUNDLE_LOADER = "$(TEST_HOST)";
				DEVELOPMENT_TEAM = EQ5L798SLT;
				INFOPLIST_FILE = FitMiTests/Info.plist;
				LD_RUNPATH_SEARCH_PATHS = "$(inherited) @executable_path/Frameworks @loader_path/Frameworks";
				PRODUCT_BUNDLE_IDENTIFIER = com.fitmi.FitMiTests;
				PRODUCT_NAME = "$(TARGET_NAME)";
				SWIFT_VERSION = 3.0;
				TEST_HOST = "$(BUILT_PRODUCTS_DIR)/FitMi.app/FitMi";
			};
			name = Release;
		};
		0CD3CD151D9EF0FB00E47BF8 /* Debug */ = {
			isa = XCBuildConfiguration;
			baseConfigurationReference = 669192A5417414353ED5801E /* Pods-FitMiUITests.debug.xcconfig */;
			buildSettings = {
				ALWAYS_EMBED_SWIFT_STANDARD_LIBRARIES = YES;
				DEVELOPMENT_TEAM = EQ5L798SLT;
				INFOPLIST_FILE = FitMiUITests/Info.plist;
				LD_RUNPATH_SEARCH_PATHS = "$(inherited) @executable_path/Frameworks @loader_path/Frameworks";
				PRODUCT_BUNDLE_IDENTIFIER = com.fitmi.FitMiUITests;
				PRODUCT_NAME = "$(TARGET_NAME)";
				SWIFT_VERSION = 3.0;
				TEST_TARGET_NAME = FitMi;
			};
			name = Debug;
		};
		0CD3CD161D9EF0FB00E47BF8 /* Release */ = {
			isa = XCBuildConfiguration;
			baseConfigurationReference = C44F2DCAE54CDA82D3FD9227 /* Pods-FitMiUITests.release.xcconfig */;
			buildSettings = {
				ALWAYS_EMBED_SWIFT_STANDARD_LIBRARIES = YES;
				DEVELOPMENT_TEAM = EQ5L798SLT;
				INFOPLIST_FILE = FitMiUITests/Info.plist;
				LD_RUNPATH_SEARCH_PATHS = "$(inherited) @executable_path/Frameworks @loader_path/Frameworks";
				PRODUCT_BUNDLE_IDENTIFIER = com.fitmi.FitMiUITests;
				PRODUCT_NAME = "$(TARGET_NAME)";
				SWIFT_VERSION = 3.0;
				TEST_TARGET_NAME = FitMi;
			};
			name = Release;
		};
/* End XCBuildConfiguration section */

/* Begin XCConfigurationList section */
		0CD3CCE11D9EF0FA00E47BF8 /* Build configuration list for PBXProject "FitMi" */ = {
			isa = XCConfigurationList;
			buildConfigurations = (
				0CD3CD0C1D9EF0FB00E47BF8 /* Debug */,
				0CD3CD0D1D9EF0FB00E47BF8 /* Release */,
			);
			defaultConfigurationIsVisible = 0;
			defaultConfigurationName = Release;
		};
		0CD3CD0E1D9EF0FB00E47BF8 /* Build configuration list for PBXNativeTarget "FitMi" */ = {
			isa = XCConfigurationList;
			buildConfigurations = (
				0CD3CD0F1D9EF0FB00E47BF8 /* Debug */,
				0CD3CD101D9EF0FB00E47BF8 /* Release */,
			);
			defaultConfigurationIsVisible = 0;
			defaultConfigurationName = Release;
		};
		0CD3CD111D9EF0FB00E47BF8 /* Build configuration list for PBXNativeTarget "FitMiTests" */ = {
			isa = XCConfigurationList;
			buildConfigurations = (
				0CD3CD121D9EF0FB00E47BF8 /* Debug */,
				0CD3CD131D9EF0FB00E47BF8 /* Release */,
			);
			defaultConfigurationIsVisible = 0;
			defaultConfigurationName = Release;
		};
		0CD3CD141D9EF0FB00E47BF8 /* Build configuration list for PBXNativeTarget "FitMiUITests" */ = {
			isa = XCConfigurationList;
			buildConfigurations = (
				0CD3CD151D9EF0FB00E47BF8 /* Debug */,
				0CD3CD161D9EF0FB00E47BF8 /* Release */,
			);
			defaultConfigurationIsVisible = 0;
			defaultConfigurationName = Release;
		};
/* End XCConfigurationList section */
	};
	rootObject = 0CD3CCDE1D9EF0FA00E47BF8 /* Project object */;
}
